// !$*UTF8*$!
{
	archiveVersion = 1;
	classes = {
	};
	objectVersion = 46;
	objects = {

/* Begin PBXBuildFile section */
		A651F4811E1FCE8E0002FE4A /* AppDelegate.swift in Sources */ = {isa = PBXBuildFile; fileRef = A651F4801E1FCE8E0002FE4A /* AppDelegate.swift */; };
		A651F4831E1FCE8E0002FE4A /* ViewController.swift in Sources */ = {isa = PBXBuildFile; fileRef = A651F4821E1FCE8E0002FE4A /* ViewController.swift */; };
		A651F4861E1FCE8E0002FE4A /* Main.storyboard in Resources */ = {isa = PBXBuildFile; fileRef = A651F4841E1FCE8E0002FE4A /* Main.storyboard */; };
		A651F4891E1FCE8E0002FE4A /* DiaryApp.xcdatamodeld in Sources */ = {isa = PBXBuildFile; fileRef = A651F4871E1FCE8E0002FE4A /* DiaryApp.xcdatamodeld */; };
		A651F48B1E1FCE8E0002FE4A /* Assets.xcassets in Resources */ = {isa = PBXBuildFile; fileRef = A651F48A1E1FCE8E0002FE4A /* Assets.xcassets */; };
		A651F48E1E1FCE8E0002FE4A /* LaunchScreen.storyboard in Resources */ = {isa = PBXBuildFile; fileRef = A651F48C1E1FCE8E0002FE4A /* LaunchScreen.storyboard */; };
		A651F4991E1FCE8E0002FE4A /* DiaryAppTests.swift in Sources */ = {isa = PBXBuildFile; fileRef = A651F4981E1FCE8E0002FE4A /* DiaryAppTests.swift */; };
/* End PBXBuildFile section */

/* Begin PBXContainerItemProxy section */
		A651F4951E1FCE8E0002FE4A /* PBXContainerItemProxy */ = {
			isa = PBXContainerItemProxy;
			containerPortal = A651F4751E1FCE8E0002FE4A /* Project object */;
			proxyType = 1;
			remoteGlobalIDString = A651F47C1E1FCE8E0002FE4A;
			remoteInfo = DiaryApp;
		};
/* End PBXContainerItemProxy section */

/* Begin PBXFileReference section */
		A651F47D1E1FCE8E0002FE4A /* DiaryApp.app */ = {isa = PBXFileReference; explicitFileType = wrapper.application; includeInIndex = 0; path = DiaryApp.app; sourceTree = BUILT_PRODUCTS_DIR; };
		A651F4801E1FCE8E0002FE4A /* AppDelegate.swift */ = {isa = PBXFileReference; lastKnownFileType = sourcecode.swift; path = AppDelegate.swift; sourceTree = "<group>"; };
		A651F4821E1FCE8E0002FE4A /* ViewController.swift */ = {isa = PBXFileReference; lastKnownFileType = sourcecode.swift; path = ViewController.swift; sourceTree = "<group>"; };
		A651F4851E1FCE8E0002FE4A /* Base */ = {isa = PBXFileReference; lastKnownFileType = file.storyboard; name = Base; path = Base.lproj/Main.storyboard; sourceTree = "<group>"; };
		A651F4881E1FCE8E0002FE4A /* DiaryApp.xcdatamodel */ = {isa = PBXFileReference; lastKnownFileType = wrapper.xcdatamodel; path = DiaryApp.xcdatamodel; sourceTree = "<group>"; };
		A651F48A1E1FCE8E0002FE4A /* Assets.xcassets */ = {isa = PBXFileReference; lastKnownFileType = folder.assetcatalog; path = Assets.xcassets; sourceTree = "<group>"; };
		A651F48D1E1FCE8E0002FE4A /* Base */ = {isa = PBXFileReference; lastKnownFileType = file.storyboard; name = Base; path = Base.lproj/LaunchScreen.storyboard; sourceTree = "<group>"; };
		A651F48F1E1FCE8E0002FE4A /* Info.plist */ = {isa = PBXFileReference; lastKnownFileType = text.plist.xml; path = Info.plist; sourceTree = "<group>"; };
		A651F4941E1FCE8E0002FE4A /* DiaryAppTests.xctest */ = {isa = PBXFileReference; explicitFileType = wrapper.cfbundle; includeInIndex = 0; path = DiaryAppTests.xctest; sourceTree = BUILT_PRODUCTS_DIR; };
		A651F4981E1FCE8E0002FE4A /* DiaryAppTests.swift */ = {isa = PBXFileReference; lastKnownFileType = sourcecode.swift; path = DiaryAppTests.swift; sourceTree = "<group>"; };
		A651F49A1E1FCE8E0002FE4A /* Info.plist */ = {isa = PBXFileReference; lastKnownFileType = text.plist.xml; path = Info.plist; sourceTree = "<group>"; };
/* End PBXFileReference section */

/* Begin PBXFrameworksBuildPhase section */
		A651F47A1E1FCE8E0002FE4A /* Frameworks */ = {
			isa = PBXFrameworksBuildPhase;
			buildActionMask = 2147483647;
			files = (
			);
			runOnlyForDeploymentPostprocessing = 0;
		};
		A651F4911E1FCE8E0002FE4A /* Frameworks */ = {
			isa = PBXFrameworksBuildPhase;
			buildActionMask = 2147483647;
			files = (
			);
			runOnlyForDeploymentPostprocessing = 0;
		};
/* End PBXFrameworksBuildPhase section */

/* Begin PBXGroup section */
		A651F4741E1FCE8E0002FE4A = {
			isa = PBXGroup;
			children = (
				A651F47F1E1FCE8E0002FE4A /* DiaryApp */,
				A651F4971E1FCE8E0002FE4A /* DiaryAppTests */,
				A651F47E1E1FCE8E0002FE4A /* Products */,
			);
			sourceTree = "<group>";
		};
		A651F47E1E1FCE8E0002FE4A /* Products */ = {
			isa = PBXGroup;
			children = (
				A651F47D1E1FCE8E0002FE4A /* DiaryApp.app */,
				A651F4941E1FCE8E0002FE4A /* DiaryAppTests.xctest */,
			);
			name = Products;
			sourceTree = "<group>";
		};
		A651F47F1E1FCE8E0002FE4A /* DiaryApp */ = {
			isa = PBXGroup;
			children = (
				A651F4801E1FCE8E0002FE4A /* AppDelegate.swift */,
				A651F4821E1FCE8E0002FE4A /* ViewController.swift */,
				A651F4841E1FCE8E0002FE4A /* Main.storyboard */,
				A651F48A1E1FCE8E0002FE4A /* Assets.xcassets */,
				A651F48C1E1FCE8E0002FE4A /* LaunchScreen.storyboard */,
				A651F48F1E1FCE8E0002FE4A /* Info.plist */,
				A651F4871E1FCE8E0002FE4A /* DiaryApp.xcdatamodeld */,
			);
			path = DiaryApp;
			sourceTree = "<group>";
		};
		A651F4971E1FCE8E0002FE4A /* DiaryAppTests */ = {
			isa = PBXGroup;
			children = (
				A651F4981E1FCE8E0002FE4A /* DiaryAppTests.swift */,
				A651F49A1E1FCE8E0002FE4A /* Info.plist */,
			);
			path = DiaryAppTests;
			sourceTree = "<group>";
		};
/* End PBXGroup section */

/* Begin PBXNativeTarget section */
		A651F47C1E1FCE8E0002FE4A /* DiaryApp */ = {
			isa = PBXNativeTarget;
			buildConfigurationList = A651F49D1E1FCE8E0002FE4A /* Build configuration list for PBXNativeTarget "DiaryApp" */;
			buildPhases = (
				A651F4791E1FCE8E0002FE4A /* Sources */,
				A651F47A1E1FCE8E0002FE4A /* Frameworks */,
				A651F47B1E1FCE8E0002FE4A /* Resources */,
			);
			buildRules = (
			);
			dependencies = (
			);
			name = DiaryApp;
			productName = DiaryApp;
			productReference = A651F47D1E1FCE8E0002FE4A /* DiaryApp.app */;
			productType = "com.apple.product-type.application";
		};
		A651F4931E1FCE8E0002FE4A /* DiaryAppTests */ = {
			isa = PBXNativeTarget;
			buildConfigurationList = A651F4A01E1FCE8E0002FE4A /* Build configuration list for PBXNativeTarget "DiaryAppTests" */;
			buildPhases = (
				A651F4901E1FCE8E0002FE4A /* Sources */,
				A651F4911E1FCE8E0002FE4A /* Frameworks */,
				A651F4921E1FCE8E0002FE4A /* Resources */,
			);
			buildRules = (
			);
			dependencies = (
				A651F4961E1FCE8E0002FE4A /* PBXTargetDependency */,
			);
			name = DiaryAppTests;
			productName = DiaryAppTests;
			productReference = A651F4941E1FCE8E0002FE4A /* DiaryAppTests.xctest */;
			productType = "com.apple.product-type.bundle.unit-test";
		};
/* End PBXNativeTarget section */

/* Begin PBXProject section */
		A651F4751E1FCE8E0002FE4A /* Project object */ = {
			isa = PBXProject;
			attributes = {
				LastSwiftUpdateCheck = 0820;
				LastUpgradeCheck = 0820;
				ORGANIZATIONNAME = zzheads;
				TargetAttributes = {
					A651F47C1E1FCE8E0002FE4A = {
						CreatedOnToolsVersion = 8.2.1;
						DevelopmentTeam = RS93W547X8;
						ProvisioningStyle = Automatic;
					};
					A651F4931E1FCE8E0002FE4A = {
						CreatedOnToolsVersion = 8.2.1;
						DevelopmentTeam = RS93W547X8;
						ProvisioningStyle = Automatic;
						TestTargetID = A651F47C1E1FCE8E0002FE4A;
					};
				};
			};
			buildConfigurationList = A651F4781E1FCE8E0002FE4A /* Build configuration list for PBXProject "DiaryApp" */;
			compatibilityVersion = "Xcode 3.2";
			developmentRegion = English;
			hasScannedForEncodings = 0;
			knownRegions = (
				en,
				Base,
			);
			mainGroup = A651F4741E1FCE8E0002FE4A;
			productRefGroup = A651F47E1E1FCE8E0002FE4A /* Products */;
			projectDirPath = "";
			projectRoot = "";
			targets = (
				A651F47C1E1FCE8E0002FE4A /* DiaryApp */,
				A651F4931E1FCE8E0002FE4A /* DiaryAppTests */,
			);
		};
/* End PBXProject section */

/* Begin PBXResourcesBuildPhase section */
		A651F47B1E1FCE8E0002FE4A /* Resources */ = {
			isa = PBXResourcesBuildPhase;
			buildActionMask = 2147483647;
			files = (
				A651F48E1E1FCE8E0002FE4A /* LaunchScreen.storyboard in Resources */,
				A651F48B1E1FCE8E0002FE4A /* Assets.xcassets in Resources */,
				A651F4861E1FCE8E0002FE4A /* Main.storyboard in Resources */,
			);
			runOnlyForDeploymentPostprocessing = 0;
		};
		A651F4921E1FCE8E0002FE4A /* Resources */ = {
			isa = PBXResourcesBuildPhase;
			buildActionMask = 2147483647;
			files = (
			);
			runOnlyForDeploymentPostprocessing = 0;
		};
/* End PBXResourcesBuildPhase section */

/* Begin PBXSourcesBuildPhase section */
		A651F4791E1FCE8E0002FE4A /* Sources */ = {
			isa = PBXSourcesBuildPhase;
			buildActionMask = 2147483647;
			files = (
				A651F4891E1FCE8E0002FE4A /* DiaryApp.xcdatamodeld in Sources */,
				A651F4831E1FCE8E0002FE4A /* ViewController.swift in Sources */,
				A651F4811E1FCE8E0002FE4A /* AppDelegate.swift in Sources */,
			);
			runOnlyForDeploymentPostprocessing = 0;
		};
		A651F4901E1FCE8E0002FE4A /* Sources */ = {
			isa = PBXSourcesBuildPhase;
			buildActionMask = 2147483647;
			files = (
				A651F4991E1FCE8E0002FE4A /* DiaryAppTests.swift in Sources */,
			);
			runOnlyForDeploymentPostprocessing = 0;
		};
/* End PBXSourcesBuildPhase section */

/* Begin PBXTargetDependency section */
		A651F4961E1FCE8E0002FE4A /* PBXTargetDependency */ = {
			isa = PBXTargetDependency;
			target = A651F47C1E1FCE8E0002FE4A /* DiaryApp */;
			targetProxy = A651F4951E1FCE8E0002FE4A /* PBXContainerItemProxy */;
		};
/* End PBXTargetDependency section */

/* Begin PBXVariantGroup section */
		A651F4841E1FCE8E0002FE4A /* Main.storyboard */ = {
			isa = PBXVariantGroup;
			children = (
				A651F4851E1FCE8E0002FE4A /* Base */,
			);
			name = Main.storyboard;
			sourceTree = "<group>";
		};
		A651F48C1E1FCE8E0002FE4A /* LaunchScreen.storyboard */ = {
			isa = PBXVariantGroup;
			children = (
				A651F48D1E1FCE8E0002FE4A /* Base */,
			);
			name = LaunchScreen.storyboard;
			sourceTree = "<group>";
		};
/* End PBXVariantGroup section */

/* Begin XCBuildConfiguration section */
		A651F49B1E1FCE8E0002FE4A /* Debug */ = {
			isa = XCBuildConfiguration;
			buildSettings = {
				ALWAYS_SEARCH_USER_PATHS = NO;
				CLANG_ANALYZER_NONNULL = YES;
				CLANG_CXX_LANGUAGE_STANDARD = "gnu++0x";
				CLANG_CXX_LIBRARY = "libc++";
				CLANG_ENABLE_MODULES = YES;
				CLANG_ENABLE_OBJC_ARC = YES;
				CLANG_WARN_BOOL_CONVERSION = YES;
				CLANG_WARN_CONSTANT_CONVERSION = YES;
				CLANG_WARN_DIRECT_OBJC_ISA_USAGE = YES_ERROR;
				CLANG_WARN_DOCUMENTATION_COMMENTS = YES;
				CLANG_WARN_EMPTY_BODY = YES;
				CLANG_WARN_ENUM_CONVERSION = YES;
				CLANG_WARN_INFINITE_RECURSION = YES;
				CLANG_WARN_INT_CONVERSION = YES;
				CLANG_WARN_OBJC_ROOT_CLASS = YES_ERROR;
				CLANG_WARN_SUSPICIOUS_MOVE = YES;
				CLANG_WARN_UNREACHABLE_CODE = YES;
				CLANG_WARN__DUPLICATE_METHOD_MATCH = YES;
				"CODE_SIGN_IDENTITY[sdk=iphoneos*]" = "iPhone Developer";
				COPY_PHASE_STRIP = NO;
				DEBUG_INFORMATION_FORMAT = dwarf;
				ENABLE_STRICT_OBJC_MSGSEND = YES;
				ENABLE_TESTABILITY = YES;
				GCC_C_LANGUAGE_STANDARD = gnu99;
				GCC_DYNAMIC_NO_PIC = NO;
				GCC_NO_COMMON_BLOCKS = YES;
				GCC_OPTIMIZATION_LEVEL = 0;
				GCC_PREPROCESSOR_DEFINITIONS = (
					"DEBUG=1",
					"$(inherited)",
				);
				GCC_WARN_64_TO_32_BIT_CONVERSION = YES;
				GCC_WARN_ABOUT_RETURN_TYPE = YES_ERROR;
				GCC_WARN_UNDECLARED_SELECTOR = YES;
				GCC_WARN_UNINITIALIZED_AUTOS = YES_AGGRESSIVE;
				GCC_WARN_UNUSED_FUNCTION = YES;
				GCC_WARN_UNUSED_VARIABLE = YES;
				IPHONEOS_DEPLOYMENT_TARGET = 10.2;
				MTL_ENABLE_DEBUG_INFO = YES;
				ONLY_ACTIVE_ARCH = YES;
				SDKROOT = iphoneos;
				SWIFT_ACTIVE_COMPILATION_CONDITIONS = DEBUG;
				SWIFT_OPTIMIZATION_LEVEL = "-Onone";
			};
			name = Debug;
		};
		A651F49C1E1FCE8E0002FE4A /* Release */ = {
			isa = XCBuildConfiguration;
			buildSettings = {
				ALWAYS_SEARCH_USER_PATHS = NO;
				CLANG_ANALYZER_NONNULL = YES;
				CLANG_CXX_LANGUAGE_STANDARD = "gnu++0x";
				CLANG_CXX_LIBRARY = "libc++";
				CLANG_ENABLE_MODULES = YES;
				CLANG_ENABLE_OBJC_ARC = YES;
				CLANG_WARN_BOOL_CONVERSION = YES;
				CLANG_WARN_CONSTANT_CONVERSION = YES;
				CLANG_WARN_DIRECT_OBJC_ISA_USAGE = YES_ERROR;
				CLANG_WARN_DOCUMENTATION_COMMENTS = YES;
				CLANG_WARN_EMPTY_BODY = YES;
				CLANG_WARN_ENUM_CONVERSION = YES;
				CLANG_WARN_INFINITE_RECURSION = YES;
				CLANG_WARN_INT_CONVERSION = YES;
				CLANG_WARN_OBJC_ROOT_CLASS = YES_ERROR;
				CLANG_WARN_SUSPICIOUS_MOVE = YES;
				CLANG_WARN_UNREACHABLE_CODE = YES;
				CLANG_WARN__DUPLICATE_METHOD_MATCH = YES;
				"CODE_SIGN_IDENTITY[sdk=iphoneos*]" = "iPhone Developer";
				COPY_PHASE_STRIP = NO;
				DEBUG_INFORMATION_FORMAT = "dwarf-with-dsym";
				ENABLE_NS_ASSERTIONS = NO;
				ENABLE_STRICT_OBJC_MSGSEND = YES;
				GCC_C_LANGUAGE_STANDARD = gnu99;
				GCC_NO_COMMON_BLOCKS = YES;
				GCC_WARN_64_TO_32_BIT_CONVERSION = YES;
				GCC_WARN_ABOUT_RETURN_TYPE = YES_ERROR;
				GCC_WARN_UNDECLARED_SELECTOR = YES;
				GCC_WARN_UNINITIALIZED_AUTOS = YES_AGGRESSIVE;
				GCC_WARN_UNUSED_FUNCTION = YES;
				GCC_WARN_UNUSED_VARIABLE = YES;
				IPHONEOS_DEPLOYMENT_TARGET = 10.2;
				MTL_ENABLE_DEBUG_INFO = NO;
				SDKROOT = iphoneos;
				SWIFT_OPTIMIZATION_LEVEL = "-Owholemodule";
				VALIDATE_PRODUCT = YES;
			};
			name = Release;
		};
		A651F49E1E1FCE8E0002FE4A /* Debug */ = {
			isa = XCBuildConfiguration;
			buildSettings = {
				ASSETCATALOG_COMPILER_APPICON_NAME = AppIcon;
				DEVELOPMENT_TEAM = RS93W547X8;
				INFOPLIST_FILE = DiaryApp/Info.plist;
				LD_RUNPATH_SEARCH_PATHS = "$(inherited) @executable_path/Frameworks";
				PRODUCT_BUNDLE_IDENTIFIER = com.zzheads.DiaryApp;
				PRODUCT_NAME = "$(TARGET_NAME)";
				SWIFT_VERSION = 3.0;
			};
			name = Debug;
		};
		A651F49F1E1FCE8E0002FE4A /* Release */ = {
			isa = XCBuildConfiguration;
			buildSettings = {
				ASSETCATALOG_COMPILER_APPICON_NAME = AppIcon;
				DEVELOPMENT_TEAM = RS93W547X8;
				INFOPLIST_FILE = DiaryApp/Info.plist;
				LD_RUNPATH_SEARCH_PATHS = "$(inherited) @executable_path/Frameworks";
				PRODUCT_BUNDLE_IDENTIFIER = com.zzheads.DiaryApp;
				PRODUCT_NAME = "$(TARGET_NAME)";
				SWIFT_VERSION = 3.0;
			};
			name = Release;
		};
		A651F4A11E1FCE8E0002FE4A /* Debug */ = {
			isa = XCBuildConfiguration;
			buildSettings = {
				ALWAYS_EMBED_SWIFT_STANDARD_LIBRARIES = YES;
				BUNDLE_LOADER = "$(TEST_HOST)";
				DEVELOPMENT_TEAM = RS93W547X8;
				INFOPLIST_FILE = DiaryAppTests/Info.plist;
				LD_RUNPATH_SEARCH_PATHS = "$(inherited) @executable_path/Frameworks @loader_path/Frameworks";
				PRODUCT_BUNDLE_IDENTIFIER = com.zzheads.DiaryAppTests;
				PRODUCT_NAME = "$(TARGET_NAME)";
				SWIFT_VERSION = 3.0;
				TEST_HOST = "$(BUILT_PRODUCTS_DIR)/DiaryApp.app/DiaryApp";
			};
			name = Debug;
		};
		A651F4A21E1FCE8E0002FE4A /* Release */ = {
			isa = XCBuildConfiguration;
			buildSettings = {
				ALWAYS_EMBED_SWIFT_STANDARD_LIBRARIES = YES;
				BUNDLE_LOADER = "$(TEST_HOST)";
				DEVELOPMENT_TEAM = RS93W547X8;
				INFOPLIST_FILE = DiaryAppTests/Info.plist;
				LD_RUNPATH_SEARCH_PATHS = "$(inherited) @executable_path/Frameworks @loader_path/Frameworks";
				PRODUCT_BUNDLE_IDENTIFIER = com.zzheads.DiaryAppTests;
				PRODUCT_NAME = "$(TARGET_NAME)";
				SWIFT_VERSION = 3.0;
				TEST_HOST = "$(BUILT_PRODUCTS_DIR)/DiaryApp.app/DiaryApp";
			};
			name = Release;
		};
/* End XCBuildConfiguration section */

/* Begin XCConfigurationList section */
		A651F4781E1FCE8E0002FE4A /* Build configuration list for PBXProject "DiaryApp" */ = {
			isa = XCConfigurationList;
			buildConfigurations = (
				A651F49B1E1FCE8E0002FE4A /* Debug */,
				A651F49C1E1FCE8E0002FE4A /* Release */,
			);
			defaultConfigurationIsVisible = 0;
			defaultConfigurationName = Release;
		};
		A651F49D1E1FCE8E0002FE4A /* Build configuration list for PBXNativeTarget "DiaryApp" */ = {
			isa = XCConfigurationList;
			buildConfigurations = (
				A651F49E1E1FCE8E0002FE4A /* Debug */,
				A651F49F1E1FCE8E0002FE4A /* Release */,
			);
			defaultConfigurationIsVisible = 0;
		};
		A651F4A01E1FCE8E0002FE4A /* Build configuration list for PBXNativeTarget "DiaryAppTests" */ = {
			isa = XCConfigurationList;
			buildConfigurations = (
				A651F4A11E1FCE8E0002FE4A /* Debug */,
				A651F4A21E1FCE8E0002FE4A /* Release */,
			);
			defaultConfigurationIsVisible = 0;
		};
/* End XCConfigurationList section */

/* Begin XCVersionGroup section */
		A651F4871E1FCE8E0002FE4A /* DiaryApp.xcdatamodeld */ = {
			isa = XCVersionGroup;
			children = (
				A651F4881E1FCE8E0002FE4A /* DiaryApp.xcdatamodel */,
			);
			currentVersion = A651F4881E1FCE8E0002FE4A /* DiaryApp.xcdatamodel */;
			path = DiaryApp.xcdatamodeld;
			sourceTree = "<group>";
			versionGroupType = wrapper.xcdatamodel;
		};
/* End XCVersionGroup section */
	};
	rootObject = A651F4751E1FCE8E0002FE4A /* Project object */;
}
